
Microsoft Visual Studio Solution File, Format Version 12.00
# Visual Studio 2012
Project("{8BC9CEB8-8B4A-11D0-8D11-00A0C91BC942}") = "Win32Project1", "Win32Project1\Win32Project1.vcxproj", "{3E39A3FE-CC8C-4C1C-A401-0D495D3B1ACC}"
EndProject
Project("{8BC9CEB8-8B4A-11D0-8D11-00A0C91BC942}") = "AR002", "алгоритмы\AR002\AR002\AR002.vcxproj", "{30661022-DB26-4EF2-A4F5-F31364180658}"
EndProject
Project("{8BC9CEB8-8B4A-11D0-8D11-00A0C91BC942}") = "FIN", "алгоритмы\FIN\FIN\FIN.vcxproj", "{768B0F25-9B38-4A35-AECA-D352195CD76A}"
EndProject
Project("{8BC9CEB8-8B4A-11D0-8D11-00A0C91BC942}") = "HUF", "алгоритмы\HUF\HUF\HUF.vcxproj", "{B6E1C776-C5DC-4FA6-B245-A0C8BE348956}"
EndProject
Project("{8BC9CEB8-8B4A-11D0-8D11-00A0C91BC942}") = "SPLAY", "алгоритмы\SPLAY\SPLAY\SPLAY.vcxproj", "{35BAB047-1F42-4139-ADCE-359A4F08B0FC}"
EndProject
Global
	GlobalSection(SolutionConfigurationPlatforms) = preSolution
		Debug|Win32 = Debug|Win32
		Release|Win32 = Release|Win32
	EndGlobalSection
	GlobalSection(ProjectConfigurationPlatforms) = postSolution
		{3E39A3FE-CC8C-4C1C-A401-0D495D3B1ACC}.Debug|Win32.ActiveCfg = Debug|Win32
		{3E39A3FE-CC8C-4C1C-A401-0D495D3B1ACC}.Debug|Win32.Build.0 = Debug|Win32
		{3E39A3FE-CC8C-4C1C-A401-0D495D3B1ACC}.Release|Win32.ActiveCfg = Release|Win32
		{3E39A3FE-CC8C-4C1C-A401-0D495D3B1ACC}.Release|Win32.Build.0 = Release|Win32
		{30661022-DB26-4EF2-A4F5-F31364180658}.Debug|Win32.ActiveCfg = Debug|Win32
		{30661022-DB26-4EF2-A4F5-F31364180658}.Debug|Win32.Build.0 = Debug|Win32
		{30661022-DB26-4EF2-A4F5-F31364180658}.Release|Win32.ActiveCfg = Release|Win32
		{30661022-DB26-4EF2-A4F5-F31364180658}.Release|Win32.Build.0 = Release|Win32
		{768B0F25-9B38-4A35-AECA-D352195CD76A}.Debug|Win32.ActiveCfg = Debug|Win32
		{768B0F25-9B38-4A35-AECA-D352195CD76A}.Debug|Win32.Build.0 = Debug|Win32
		{768B0F25-9B38-4A35-AECA-D352195CD76A}.Release|Win32.ActiveCfg = Release|Win32
		{768B0F25-9B38-4A35-AECA-D352195CD76A}.Release|Win32.Build.0 = Release|Win32
		{B6E1C776-C5DC-4FA6-B245-A0C8BE348956}.Debug|Win32.ActiveCfg = Debug|Win32
		{B6E1C776-C5DC-4FA6-B245-A0C8BE348956}.Debug|Win32.Build.0 = Debug|Win32
		{B6E1C776-C5DC-4FA6-B245-A0C8BE348956}.Release|Win32.ActiveCfg = Release|Win32
		{B6E1C776-C5DC-4FA6-B245-A0C8BE348956}.Release|Win32.Build.0 = Release|Win32
		{35BAB047-1F42-4139-ADCE-359A4F08B0FC}.Debug|Win32.ActiveCfg = Debug|Win32
		{35BAB047-1F42-4139-ADCE-359A4F08B0FC}.Debug|Win32.Build.0 = Debug|Win32
		{35BAB047-1F42-4139-ADCE-359A4F08B0FC}.Release|Win32.ActiveCfg = Release|Win32
		{35BAB047-1F42-4139-ADCE-359A4F08B0FC}.Release|Win32.Build.0 = Release|Win32
	EndGlobalSection
	GlobalSection(SolutionProperties) = preSolution
		HideSolutionNode = FALSE
	EndGlobalSection
EndGlobal
